
Microsoft Visual Studio Solution File, Format Version 12.00
# Visual Studio Version 17
VisualStudioVersion = 17.1.32210.238
MinimumVisualStudioVersion = 10.0.40219.1
Project("{FAE04EC0-301F-11D3-BF4B-00C04F79EFBC}") = "Projek_PBO", "Projek_PBO\Projek_PBO.csproj", "{FDE1F8D6-1344-40CD-9D12-1E1D61471AAA}"
EndProject
Global
	GlobalSection(SolutionConfigurationPlatforms) = preSolution
		Debug|Any CPU = Debug|Any CPU
		Release|Any CPU = Release|Any CPU
	EndGlobalSection
	GlobalSection(ProjectConfigurationPlatforms) = postSolution
		{FDE1F8D6-1344-40CD-9D12-1E1D61471AAA}.Debug|Any CPU.ActiveCfg = Debug|Any CPU
		{FDE1F8D6-1344-40CD-9D12-1E1D61471AAA}.Debug|Any CPU.Build.0 = Debug|Any CPU
		{FDE1F8D6-1344-40CD-9D12-1E1D61471AAA}.Release|Any CPU.ActiveCfg = Release|Any CPU
		{FDE1F8D6-1344-40CD-9D12-1E1D61471AAA}.Release|Any CPU.Build.0 = Release|Any CPU
	EndGlobalSection
	GlobalSection(SolutionProperties) = preSolution
		HideSolutionNode = FALSE
	EndGlobalSection
	GlobalSection(ExtensibilityGlobals) = postSolution
		SolutionGuid = {B7D08DD2-505C-4C74-BE64-E5D8D1938CBC}
	EndGlobalSection
EndGlobal
